// !$*UTF8*$!
{
	archiveVersion = 1;
	classes = {
	};
	objectVersion = 50;
	objects = {

/* Begin PBXBuildFile section */
		1B81FCEE2086F90B00C12059 /* AppDelegate.swift in Sources */ = {isa = PBXBuildFile; fileRef = 1B81FCED2086F90B00C12059 /* AppDelegate.swift */; };
		1B81FCF02086F90B00C12059 /* HomeViewController.swift in Sources */ = {isa = PBXBuildFile; fileRef = 1B81FCEF2086F90B00C12059 /* HomeViewController.swift */; };
		1B81FCF32086F90B00C12059 /* Main.storyboard in Resources */ = {isa = PBXBuildFile; fileRef = 1B81FCF12086F90B00C12059 /* Main.storyboard */; };
		1B81FCF52086F91300C12059 /* Assets.xcassets in Resources */ = {isa = PBXBuildFile; fileRef = 1B81FCF42086F91300C12059 /* Assets.xcassets */; };
		1B81FCF82086F91300C12059 /* LaunchScreen.storyboard in Resources */ = {isa = PBXBuildFile; fileRef = 1B81FCF62086F91300C12059 /* LaunchScreen.storyboard */; };
		1B81FD04208D1AA600C12059 /* ProfileViewController.swift in Sources */ = {isa = PBXBuildFile; fileRef = 1B81FD03208D1AA600C12059 /* ProfileViewController.swift */; };
		1B81FD06208D1D6E00C12059 /* BottomMenuLauncher.swift in Sources */ = {isa = PBXBuildFile; fileRef = 1B81FD05208D1D6E00C12059 /* BottomMenuLauncher.swift */; };
		1B81FD08208D245400C12059 /* MenuCell.swift in Sources */ = {isa = PBXBuildFile; fileRef = 1B81FD07208D245400C12059 /* MenuCell.swift */; };
		1B81FD0A208E115000C12059 /* LeftMenuLauncher.swift in Sources */ = {isa = PBXBuildFile; fileRef = 1B81FD09208E115000C12059 /* LeftMenuLauncher.swift */; };
		1B81FD0C208E118400C12059 /* MenuItem.swift in Sources */ = {isa = PBXBuildFile; fileRef = 1B81FD0B208E118400C12059 /* MenuItem.swift */; };
/* End PBXBuildFile section */

/* Begin PBXFileReference section */
		1B81FCEA2086F90B00C12059 /* Rosuber.app */ = {isa = PBXFileReference; explicitFileType = wrapper.application; includeInIndex = 0; path = Rosuber.app; sourceTree = BUILT_PRODUCTS_DIR; };
		1B81FCED2086F90B00C12059 /* AppDelegate.swift */ = {isa = PBXFileReference; lastKnownFileType = sourcecode.swift; path = AppDelegate.swift; sourceTree = "<group>"; };
		1B81FCEF2086F90B00C12059 /* HomeViewController.swift */ = {isa = PBXFileReference; lastKnownFileType = sourcecode.swift; path = HomeViewController.swift; sourceTree = "<group>"; };
		1B81FCF22086F90B00C12059 /* Base */ = {isa = PBXFileReference; lastKnownFileType = file.storyboard; name = Base; path = Base.lproj/Main.storyboard; sourceTree = "<group>"; };
		1B81FCF42086F91300C12059 /* Assets.xcassets */ = {isa = PBXFileReference; lastKnownFileType = folder.assetcatalog; path = Assets.xcassets; sourceTree = "<group>"; };
		1B81FCF72086F91300C12059 /* Base */ = {isa = PBXFileReference; lastKnownFileType = file.storyboard; name = Base; path = Base.lproj/LaunchScreen.storyboard; sourceTree = "<group>"; };
		1B81FCF92086F91300C12059 /* Info.plist */ = {isa = PBXFileReference; lastKnownFileType = text.plist.xml; path = Info.plist; sourceTree = "<group>"; };
		1B81FD03208D1AA600C12059 /* ProfileViewController.swift */ = {isa = PBXFileReference; lastKnownFileType = sourcecode.swift; path = ProfileViewController.swift; sourceTree = "<group>"; };
		1B81FD05208D1D6E00C12059 /* BottomMenuLauncher.swift */ = {isa = PBXFileReference; lastKnownFileType = sourcecode.swift; path = BottomMenuLauncher.swift; sourceTree = "<group>"; };
		1B81FD07208D245400C12059 /* MenuCell.swift */ = {isa = PBXFileReference; lastKnownFileType = sourcecode.swift; path = MenuCell.swift; sourceTree = "<group>"; };
		1B81FD09208E115000C12059 /* LeftMenuLauncher.swift */ = {isa = PBXFileReference; lastKnownFileType = sourcecode.swift; path = LeftMenuLauncher.swift; sourceTree = "<group>"; };
		1B81FD0B208E118400C12059 /* MenuItem.swift */ = {isa = PBXFileReference; lastKnownFileType = sourcecode.swift; path = MenuItem.swift; sourceTree = "<group>"; };
/* End PBXFileReference section */

/* Begin PBXFrameworksBuildPhase section */
		1B81FCE72086F90B00C12059 /* Frameworks */ = {
			isa = PBXFrameworksBuildPhase;
			buildActionMask = 2147483647;
			files = (
			);
			runOnlyForDeploymentPostprocessing = 0;
		};
/* End PBXFrameworksBuildPhase section */

/* Begin PBXGroup section */
		1B81FCE12086F90A00C12059 = {
			isa = PBXGroup;
			children = (
				1B81FCEC2086F90B00C12059 /* Rosuber */,
				1B81FCEB2086F90B00C12059 /* Products */,
			);
			sourceTree = "<group>";
		};
		1B81FCEB2086F90B00C12059 /* Products */ = {
			isa = PBXGroup;
			children = (
				1B81FCEA2086F90B00C12059 /* Rosuber.app */,
			);
			name = Products;
			sourceTree = "<group>";
		};
		1B81FCEC2086F90B00C12059 /* Rosuber */ = {
			isa = PBXGroup;
			children = (
				1B81FCED2086F90B00C12059 /* AppDelegate.swift */,
				1B81FCEF2086F90B00C12059 /* HomeViewController.swift */,
				1B81FCF12086F90B00C12059 /* Main.storyboard */,
				1B81FCF42086F91300C12059 /* Assets.xcassets */,
				1B81FCF62086F91300C12059 /* LaunchScreen.storyboard */,
				1B81FCF92086F91300C12059 /* Info.plist */,
				1B81FD03208D1AA600C12059 /* ProfileViewController.swift */,
				1B81FD05208D1D6E00C12059 /* BottomMenuLauncher.swift */,
				1B81FD07208D245400C12059 /* MenuCell.swift */,
				1B81FD09208E115000C12059 /* LeftMenuLauncher.swift */,
				1B81FD0B208E118400C12059 /* MenuItem.swift */,
			);
			path = Rosuber;
			sourceTree = "<group>";
		};
/* End PBXGroup section */

/* Begin PBXNativeTarget section */
		1B81FCE92086F90B00C12059 /* Rosuber */ = {
			isa = PBXNativeTarget;
			buildConfigurationList = 1B81FCFC2086F91300C12059 /* Build configuration list for PBXNativeTarget "Rosuber" */;
			buildPhases = (
				1B81FCE62086F90B00C12059 /* Sources */,
				1B81FCE72086F90B00C12059 /* Frameworks */,
				1B81FCE82086F90B00C12059 /* Resources */,
			);
			buildRules = (
			);
			dependencies = (
			);
			name = Rosuber;
			productName = Rosuber;
			productReference = 1B81FCEA2086F90B00C12059 /* Rosuber.app */;
			productType = "com.apple.product-type.application";
		};
/* End PBXNativeTarget section */

/* Begin PBXProject section */
		1B81FCE22086F90A00C12059 /* Project object */ = {
			isa = PBXProject;
			attributes = {
				LastSwiftUpdateCheck = 0930;
				LastUpgradeCheck = 0930;
				ORGANIZATIONNAME = FengYizhi;
				TargetAttributes = {
					1B81FCE92086F90B00C12059 = {
						CreatedOnToolsVersion = 9.3;
					};
				};
			};
			buildConfigurationList = 1B81FCE52086F90A00C12059 /* Build configuration list for PBXProject "Rosuber" */;
			compatibilityVersion = "Xcode 9.3";
			developmentRegion = en;
			hasScannedForEncodings = 0;
			knownRegions = (
				en,
				Base,
			);
			mainGroup = 1B81FCE12086F90A00C12059;
			productRefGroup = 1B81FCEB2086F90B00C12059 /* Products */;
			projectDirPath = "";
			projectRoot = "";
			targets = (
				1B81FCE92086F90B00C12059 /* Rosuber */,
			);
		};
/* End PBXProject section */

/* Begin PBXResourcesBuildPhase section */
		1B81FCE82086F90B00C12059 /* Resources */ = {
			isa = PBXResourcesBuildPhase;
			buildActionMask = 2147483647;
			files = (
				1B81FCF82086F91300C12059 /* LaunchScreen.storyboard in Resources */,
				1B81FCF52086F91300C12059 /* Assets.xcassets in Resources */,
				1B81FCF32086F90B00C12059 /* Main.storyboard in Resources */,
			);
			runOnlyForDeploymentPostprocessing = 0;
		};
/* End PBXResourcesBuildPhase section */

/* Begin PBXSourcesBuildPhase section */
		1B81FCE62086F90B00C12059 /* Sources */ = {
			isa = PBXSourcesBuildPhase;
			buildActionMask = 2147483647;
			files = (
				1B81FD0C208E118400C12059 /* MenuItem.swift in Sources */,
				1B81FD04208D1AA600C12059 /* ProfileViewController.swift in Sources */,
				1B81FD08208D245400C12059 /* MenuCell.swift in Sources */,
				1B81FCF02086F90B00C12059 /* HomeViewController.swift in Sources */,
				1B81FD0A208E115000C12059 /* LeftMenuLauncher.swift in Sources */,
				1B81FCEE2086F90B00C12059 /* AppDelegate.swift in Sources */,
				1B81FD06208D1D6E00C12059 /* BottomMenuLauncher.swift in Sources */,
			);
			runOnlyForDeploymentPostprocessing = 0;
		};
/* End PBXSourcesBuildPhase section */

/* Begin PBXVariantGroup section */
		1B81FCF12086F90B00C12059 /* Main.storyboard */ = {
			isa = PBXVariantGroup;
			children = (
				1B81FCF22086F90B00C12059 /* Base */,
			);
			name = Main.storyboard;
			sourceTree = "<group>";
		};
		1B81FCF62086F91300C12059 /* LaunchScreen.storyboard */ = {
			isa = PBXVariantGroup;
			children = (
				1B81FCF72086F91300C12059 /* Base */,
			);
			name = LaunchScreen.storyboard;
			sourceTree = "<group>";
		};
/* End PBXVariantGroup section */

/* Begin XCBuildConfiguration section */
		1B81FCFA2086F91300C12059 /* Debug */ = {
			isa = XCBuildConfiguration;
			buildSettings = {
				ALWAYS_SEARCH_USER_PATHS = NO;
				CLANG_ANALYZER_NONNULL = YES;
				CLANG_ANALYZER_NUMBER_OBJECT_CONVERSION = YES_AGGRESSIVE;
				CLANG_CXX_LANGUAGE_STANDARD = "gnu++14";
				CLANG_CXX_LIBRARY = "libc++";
				CLANG_ENABLE_MODULES = YES;
				CLANG_ENABLE_OBJC_ARC = YES;
				CLANG_ENABLE_OBJC_WEAK = YES;
				CLANG_WARN_BLOCK_CAPTURE_AUTORELEASING = YES;
				CLANG_WARN_BOOL_CONVERSION = YES;
				CLANG_WARN_COMMA = YES;
				CLANG_WARN_CONSTANT_CONVERSION = YES;
				CLANG_WARN_DEPRECATED_OBJC_IMPLEMENTATIONS = YES;
				CLANG_WARN_DIRECT_OBJC_ISA_USAGE = YES_ERROR;
				CLANG_WARN_DOCUMENTATION_COMMENTS = YES;
				CLANG_WARN_EMPTY_BODY = YES;
				CLANG_WARN_ENUM_CONVERSION = YES;
				CLANG_WARN_INFINITE_RECURSION = YES;
				CLANG_WARN_INT_CONVERSION = YES;
				CLANG_WARN_NON_LITERAL_NULL_CONVERSION = YES;
				CLANG_WARN_OBJC_IMPLICIT_RETAIN_SELF = YES;
				CLANG_WARN_OBJC_LITERAL_CONVERSION = YES;
				CLANG_WARN_OBJC_ROOT_CLASS = YES_ERROR;
				CLANG_WARN_RANGE_LOOP_ANALYSIS = YES;
				CLANG_WARN_STRICT_PROTOTYPES = YES;
				CLANG_WARN_SUSPICIOUS_MOVE = YES;
				CLANG_WARN_UNGUARDED_AVAILABILITY = YES_AGGRESSIVE;
				CLANG_WARN_UNREACHABLE_CODE = YES;
				CLANG_WARN__DUPLICATE_METHOD_MATCH = YES;
				CODE_SIGN_IDENTITY = "iPhone Developer";
				COPY_PHASE_STRIP = NO;
				DEBUG_INFORMATION_FORMAT = dwarf;
				ENABLE_STRICT_OBJC_MSGSEND = YES;
				ENABLE_TESTABILITY = YES;
				GCC_C_LANGUAGE_STANDARD = gnu11;
				GCC_DYNAMIC_NO_PIC = NO;
				GCC_NO_COMMON_BLOCKS = YES;
				GCC_OPTIMIZATION_LEVEL = 0;
				GCC_PREPROCESSOR_DEFINITIONS = (
					"DEBUG=1",
					"$(inherited)",
				);
				GCC_WARN_64_TO_32_BIT_CONVERSION = YES;
				GCC_WARN_ABOUT_RETURN_TYPE = YES_ERROR;
				GCC_WARN_UNDECLARED_SELECTOR = YES;
				GCC_WARN_UNINITIALIZED_AUTOS = YES_AGGRESSIVE;
				GCC_WARN_UNUSED_FUNCTION = YES;
				GCC_WARN_UNUSED_VARIABLE = YES;
				IPHONEOS_DEPLOYMENT_TARGET = 11.3;
				MTL_ENABLE_DEBUG_INFO = YES;
				ONLY_ACTIVE_ARCH = YES;
				SDKROOT = iphoneos;
				SWIFT_ACTIVE_COMPILATION_CONDITIONS = DEBUG;
				SWIFT_OPTIMIZATION_LEVEL = "-Onone";
			};
			name = Debug;
		};
		1B81FCFB2086F91300C12059 /* Release */ = {
			isa = XCBuildConfiguration;
			buildSettings = {
				ALWAYS_SEARCH_USER_PATHS = NO;
				CLANG_ANALYZER_NONNULL = YES;
				CLANG_ANALYZER_NUMBER_OBJECT_CONVERSION = YES_AGGRESSIVE;
				CLANG_CXX_LANGUAGE_STANDARD = "gnu++14";
				CLANG_CXX_LIBRARY = "libc++";
				CLANG_ENABLE_MODULES = YES;
				CLANG_ENABLE_OBJC_ARC = YES;
				CLANG_ENABLE_OBJC_WEAK = YES;
				CLANG_WARN_BLOCK_CAPTURE_AUTORELEASING = YES;
				CLANG_WARN_BOOL_CONVERSION = YES;
				CLANG_WARN_COMMA = YES;
				CLANG_WARN_CONSTANT_CONVERSION = YES;
				CLANG_WARN_DEPRECATED_OBJC_IMPLEMENTATIONS = YES;
				CLANG_WARN_DIRECT_OBJC_ISA_USAGE = YES_ERROR;
				CLANG_WARN_DOCUMENTATION_COMMENTS = YES;
				CLANG_WARN_EMPTY_BODY = YES;
				CLANG_WARN_ENUM_CONVERSION = YES;
				CLANG_WARN_INFINITE_RECURSION = YES;
				CLANG_WARN_INT_CONVERSION = YES;
				CLANG_WARN_NON_LITERAL_NULL_CONVERSION = YES;
				CLANG_WARN_OBJC_IMPLICIT_RETAIN_SELF = YES;
				CLANG_WARN_OBJC_LITERAL_CONVERSION = YES;
				CLANG_WARN_OBJC_ROOT_CLASS = YES_ERROR;
				CLANG_WARN_RANGE_LOOP_ANALYSIS = YES;
				CLANG_WARN_STRICT_PROTOTYPES = YES;
				CLANG_WARN_SUSPICIOUS_MOVE = YES;
				CLANG_WARN_UNGUARDED_AVAILABILITY = YES_AGGRESSIVE;
				CLANG_WARN_UNREACHABLE_CODE = YES;
				CLANG_WARN__DUPLICATE_METHOD_MATCH = YES;
				CODE_SIGN_IDENTITY = "iPhone Developer";
				COPY_PHASE_STRIP = NO;
				DEBUG_INFORMATION_FORMAT = "dwarf-with-dsym";
				ENABLE_NS_ASSERTIONS = NO;
				ENABLE_STRICT_OBJC_MSGSEND = YES;
				GCC_C_LANGUAGE_STANDARD = gnu11;
				GCC_NO_COMMON_BLOCKS = YES;
				GCC_WARN_64_TO_32_BIT_CONVERSION = YES;
				GCC_WARN_ABOUT_RETURN_TYPE = YES_ERROR;
				GCC_WARN_UNDECLARED_SELECTOR = YES;
				GCC_WARN_UNINITIALIZED_AUTOS = YES_AGGRESSIVE;
				GCC_WARN_UNUSED_FUNCTION = YES;
				GCC_WARN_UNUSED_VARIABLE = YES;
				IPHONEOS_DEPLOYMENT_TARGET = 11.3;
				MTL_ENABLE_DEBUG_INFO = NO;
				SDKROOT = iphoneos;
				SWIFT_COMPILATION_MODE = wholemodule;
				SWIFT_OPTIMIZATION_LEVEL = "-O";
				VALIDATE_PRODUCT = YES;
			};
			name = Release;
		};
		1B81FCFD2086F91300C12059 /* Debug */ = {
			isa = XCBuildConfiguration;
			buildSettings = {
				ASSETCATALOG_COMPILER_APPICON_NAME = AppIcon;
				CODE_SIGN_STYLE = Automatic;
				DEVELOPMENT_TEAM = 784G6DP2V5;
				INFOPLIST_FILE = Rosuber/Info.plist;
				LD_RUNPATH_SEARCH_PATHS = (
					"$(inherited)",
					"@executable_path/Frameworks",
				);
				PRODUCT_BUNDLE_IDENTIFIER = edu.rosehulman.fengy2.Rosuber;
				PRODUCT_NAME = "$(TARGET_NAME)";
				SWIFT_VERSION = 4.0;
				TARGETED_DEVICE_FAMILY = "1,2";
			};
			name = Debug;
		};
		1B81FCFE2086F91300C12059 /* Release */ = {
			isa = XCBuildConfiguration;
			buildSettings = {
				ASSETCATALOG_COMPILER_APPICON_NAME = AppIcon;
				CODE_SIGN_STYLE = Automatic;
				DEVELOPMENT_TEAM = 784G6DP2V5;
				INFOPLIST_FILE = Rosuber/Info.plist;
				LD_RUNPATH_SEARCH_PATHS = (
					"$(inherited)",
					"@executable_path/Frameworks",
				);
				PRODUCT_BUNDLE_IDENTIFIER = edu.rosehulman.fengy2.Rosuber;
				PRODUCT_NAME = "$(TARGET_NAME)";
				SWIFT_VERSION = 4.0;
				TARGETED_DEVICE_FAMILY = "1,2";
			};
			name = Release;
		};
/* End XCBuildConfiguration section */

/* Begin XCConfigurationList section */
		1B81FCE52086F90A00C12059 /* Build configuration list for PBXProject "Rosuber" */ = {
			isa = XCConfigurationList;
			buildConfigurations = (
				1B81FCFA2086F91300C12059 /* Debug */,
				1B81FCFB2086F91300C12059 /* Release */,
			);
			defaultConfigurationIsVisible = 0;
			defaultConfigurationName = Release;
		};
		1B81FCFC2086F91300C12059 /* Build configuration list for PBXNativeTarget "Rosuber" */ = {
			isa = XCConfigurationList;
			buildConfigurations = (
				1B81FCFD2086F91300C12059 /* Debug */,
				1B81FCFE2086F91300C12059 /* Release */,
			);
			defaultConfigurationIsVisible = 0;
			defaultConfigurationName = Release;
		};
/* End XCConfigurationList section */
	};
	rootObject = 1B81FCE22086F90A00C12059 /* Project object */;
}
